
Microsoft Visual Studio Solution File, Format Version 12.00
# Visual Studio Version 17
VisualStudioVersion = 17.9.34728.123
MinimumVisualStudioVersion = 10.0.40219.1
Project("{FAE04EC0-301F-11D3-BF4B-00C04F79EFBC}") = "TinyToDoApp", "TinyToDoApp.csproj", "{1184A0DE-D9D7-41F0-B822-1474B53EAA0F}"
EndProject
Global
	GlobalSection(SolutionConfigurationPlatforms) = preSolution
		Debug|Any CPU = Debug|Any CPU
		Release|Any CPU = Release|Any CPU
	EndGlobalSection
	GlobalSection(ProjectConfigurationPlatforms) = postSolution
		{1184A0DE-D9D7-41F0-B822-1474B53EAA0F}.Debug|Any CPU.ActiveCfg = Debug|Any CPU
		{1184A0DE-D9D7-41F0-B822-1474B53EAA0F}.Debug|Any CPU.Build.0 = Debug|Any CPU
		{1184A0DE-D9D7-41F0-B822-1474B53EAA0F}.Release|Any CPU.ActiveCfg = Release|Any CPU
		{1184A0DE-D9D7-41F0-B822-1474B53EAA0F}.Release|Any CPU.Build.0 = Release|Any CPU
	EndGlobalSection
	GlobalSection(SolutionProperties) = preSolution
		HideSolutionNode = FALSE
	EndGlobalSection
	GlobalSection(ExtensibilityGlobals) = postSolution
		SolutionGuid = {E5847A62-8ACF-4A79-BB99-E2AA9FF60E31}
	EndGlobalSection
EndGlobal
